
Microsoft Visual Studio Solution File, Format Version 12.00
# Visual Studio Version 17
VisualStudioVersion = 17.8.34408.163
MinimumVisualStudioVersion = 10.0.40219.1
Project("{FAE04EC0-301F-11D3-BF4B-00C04F79EFBC}") = "MvcMovie", "MvcMovie\MvcMovie.csproj", "{37ED7A51-3BE2-4BD4-A3A3-86A8AAB31B0D}"
EndProject
Global
	GlobalSection(SolutionConfigurationPlatforms) = preSolution
		Debug|Any CPU = Debug|Any CPU
		Release|Any CPU = Release|Any CPU
	EndGlobalSection
	GlobalSection(ProjectConfigurationPlatforms) = postSolution
		{37ED7A51-3BE2-4BD4-A3A3-86A8AAB31B0D}.Debug|Any CPU.ActiveCfg = Debug|Any CPU
		{37ED7A51-3BE2-4BD4-A3A3-86A8AAB31B0D}.Debug|Any CPU.Build.0 = Debug|Any CPU
		{37ED7A51-3BE2-4BD4-A3A3-86A8AAB31B0D}.Release|Any CPU.ActiveCfg = Release|Any CPU
		{37ED7A51-3BE2-4BD4-A3A3-86A8AAB31B0D}.Release|Any CPU.Build.0 = Release|Any CPU
	EndGlobalSection
	GlobalSection(SolutionProperties) = preSolution
		HideSolutionNode = FALSE
	EndGlobalSection
	GlobalSection(ExtensibilityGlobals) = postSolution
		SolutionGuid = {C49A7A45-E76B-46D9-8606-9107C85544AD}
	EndGlobalSection
EndGlobal
